
Microsoft Visual Studio Solution File, Format Version 12.00
# Visual Studio Version 17
VisualStudioVersion = 17.1.32228.430
MinimumVisualStudioVersion = 10.0.40219.1
Project("{FAE04EC0-301F-11D3-BF4B-00C04F79EFBC}") = "Flicks", "Flicks\Flicks.csproj", "{F34F4FD7-DA1B-4C58-807C-9850249C462B}"
EndProject
Project("{FAE04EC0-301F-11D3-BF4B-00C04F79EFBC}") = "MovieEntity", "MovieEntity\MovieEntity.csproj", "{658D5B89-14EF-4D64-B481-0FDE6788F209}"
EndProject
Project("{FAE04EC0-301F-11D3-BF4B-00C04F79EFBC}") = "MovieBusinessLogicLayer", "MovieBusinessLogicLayer\MovieBusinessLogicLayer.csproj", "{C2A65F02-899D-422A-85FE-FA4E3F01A6C5}"
EndProject
Project("{FAE04EC0-301F-11D3-BF4B-00C04F79EFBC}") = "MovieDataAccessLayer", "MovieDAL\MovieDataAccessLayer.csproj", "{8BE6CA03-E6C4-4917-8920-891A3EE4A470}"
EndProject
Project("{FAE04EC0-301F-11D3-BF4B-00C04F79EFBC}") = "MovieExceptions", "MovieExceptions\MovieExceptions.csproj", "{A91A467C-8498-41D2-9B2B-B06BB51AB3C2}"
EndProject
Project("{FAE04EC0-301F-11D3-BF4B-00C04F79EFBC}") = "CRentity", "CRentity\CRentity.csproj", "{FDBA499C-759A-4EE0-A69F-C26699BE1909}"
EndProject
Project("{FAE04EC0-301F-11D3-BF4B-00C04F79EFBC}") = "CRexception", "CRexception\CRexception.csproj", "{C39527FC-5058-4053-85A7-647405DDC2D4}"
EndProject
Project("{FAE04EC0-301F-11D3-BF4B-00C04F79EFBC}") = "CRDAL", "CRDAL\CRDAL.csproj", "{2467F35A-2B90-4CFC-8295-FD252520039B}"
EndProject
Project("{FAE04EC0-301F-11D3-BF4B-00C04F79EFBC}") = "CRBAL", "CRBAL\CRBAL.csproj", "{2DC4B0F7-B883-4730-AA5D-CEC5F760C2B5}"
EndProject
Project("{FAE04EC0-301F-11D3-BF4B-00C04F79EFBC}") = "customerEntity", "customerEntity\customerEntity.csproj", "{EDEB8857-04F3-47DE-8599-037E48B64244}"
EndProject
Project("{FAE04EC0-301F-11D3-BF4B-00C04F79EFBC}") = "customerBAL", "customerBAL\customerBAL.csproj", "{F38F3914-96C5-44B6-8F69-82C1009E11BF}"
EndProject
Project("{FAE04EC0-301F-11D3-BF4B-00C04F79EFBC}") = "customerDAL", "customerDAL\customerDAL.csproj", "{C995ED10-2A90-47D5-B802-C1B7DEECF7D8}"
EndProject
Project("{FAE04EC0-301F-11D3-BF4B-00C04F79EFBC}") = "customerException", "customerException\customerException.csproj", "{6D334EB7-4F99-481A-90D8-B58ADA1F8C9A}"
EndProject
Global
	GlobalSection(SolutionConfigurationPlatforms) = preSolution
		Debug|Any CPU = Debug|Any CPU
		Release|Any CPU = Release|Any CPU
	EndGlobalSection
	GlobalSection(ProjectConfigurationPlatforms) = postSolution
		{F34F4FD7-DA1B-4C58-807C-9850249C462B}.Debug|Any CPU.ActiveCfg = Debug|Any CPU
		{F34F4FD7-DA1B-4C58-807C-9850249C462B}.Debug|Any CPU.Build.0 = Debug|Any CPU
		{F34F4FD7-DA1B-4C58-807C-9850249C462B}.Release|Any CPU.ActiveCfg = Release|Any CPU
		{F34F4FD7-DA1B-4C58-807C-9850249C462B}.Release|Any CPU.Build.0 = Release|Any CPU
		{658D5B89-14EF-4D64-B481-0FDE6788F209}.Debug|Any CPU.ActiveCfg = Debug|Any CPU
		{658D5B89-14EF-4D64-B481-0FDE6788F209}.Debug|Any CPU.Build.0 = Debug|Any CPU
		{658D5B89-14EF-4D64-B481-0FDE6788F209}.Release|Any CPU.ActiveCfg = Release|Any CPU
		{658D5B89-14EF-4D64-B481-0FDE6788F209}.Release|Any CPU.Build.0 = Release|Any CPU
		{C2A65F02-899D-422A-85FE-FA4E3F01A6C5}.Debug|Any CPU.ActiveCfg = Debug|Any CPU
		{C2A65F02-899D-422A-85FE-FA4E3F01A6C5}.Debug|Any CPU.Build.0 = Debug|Any CPU
		{C2A65F02-899D-422A-85FE-FA4E3F01A6C5}.Release|Any CPU.ActiveCfg = Release|Any CPU
		{C2A65F02-899D-422A-85FE-FA4E3F01A6C5}.Release|Any CPU.Build.0 = Release|Any CPU
		{8BE6CA03-E6C4-4917-8920-891A3EE4A470}.Debug|Any CPU.ActiveCfg = Debug|Any CPU
		{8BE6CA03-E6C4-4917-8920-891A3EE4A470}.Debug|Any CPU.Build.0 = Debug|Any CPU
		{8BE6CA03-E6C4-4917-8920-891A3EE4A470}.Release|Any CPU.ActiveCfg = Release|Any CPU
		{8BE6CA03-E6C4-4917-8920-891A3EE4A470}.Release|Any CPU.Build.0 = Release|Any CPU
		{A91A467C-8498-41D2-9B2B-B06BB51AB3C2}.Debug|Any CPU.ActiveCfg = Debug|Any CPU
		{A91A467C-8498-41D2-9B2B-B06BB51AB3C2}.Debug|Any CPU.Build.0 = Debug|Any CPU
		{A91A467C-8498-41D2-9B2B-B06BB51AB3C2}.Release|Any CPU.ActiveCfg = Release|Any CPU
		{A91A467C-8498-41D2-9B2B-B06BB51AB3C2}.Release|Any CPU.Build.0 = Release|Any CPU
		{FDBA499C-759A-4EE0-A69F-C26699BE1909}.Debug|Any CPU.ActiveCfg = Debug|Any CPU
		{FDBA499C-759A-4EE0-A69F-C26699BE1909}.Debug|Any CPU.Build.0 = Debug|Any CPU
		{FDBA499C-759A-4EE0-A69F-C26699BE1909}.Release|Any CPU.ActiveCfg = Release|Any CPU
		{FDBA499C-759A-4EE0-A69F-C26699BE1909}.Release|Any CPU.Build.0 = Release|Any CPU
		{C39527FC-5058-4053-85A7-647405DDC2D4}.Debug|Any CPU.ActiveCfg = Debug|Any CPU
		{C39527FC-5058-4053-85A7-647405DDC2D4}.Debug|Any CPU.Build.0 = Debug|Any CPU
		{C39527FC-5058-4053-85A7-647405DDC2D4}.Release|Any CPU.ActiveCfg = Release|Any CPU
		{C39527FC-5058-4053-85A7-647405DDC2D4}.Release|Any CPU.Build.0 = Release|Any CPU
		{2467F35A-2B90-4CFC-8295-FD252520039B}.Debug|Any CPU.ActiveCfg = Debug|Any CPU
		{2467F35A-2B90-4CFC-8295-FD252520039B}.Debug|Any CPU.Build.0 = Debug|Any CPU
		{2467F35A-2B90-4CFC-8295-FD252520039B}.Release|Any CPU.ActiveCfg = Release|Any CPU
		{2467F35A-2B90-4CFC-8295-FD252520039B}.Release|Any CPU.Build.0 = Release|Any CPU
		{2DC4B0F7-B883-4730-AA5D-CEC5F760C2B5}.Debug|Any CPU.ActiveCfg = Debug|Any CPU
		{2DC4B0F7-B883-4730-AA5D-CEC5F760C2B5}.Debug|Any CPU.Build.0 = Debug|Any CPU
		{2DC4B0F7-B883-4730-AA5D-CEC5F760C2B5}.Release|Any CPU.ActiveCfg = Release|Any CPU
		{2DC4B0F7-B883-4730-AA5D-CEC5F760C2B5}.Release|Any CPU.Build.0 = Release|Any CPU
		{EDEB8857-04F3-47DE-8599-037E48B64244}.Debug|Any CPU.ActiveCfg = Debug|Any CPU
		{EDEB8857-04F3-47DE-8599-037E48B64244}.Debug|Any CPU.Build.0 = Debug|Any CPU
		{EDEB8857-04F3-47DE-8599-037E48B64244}.Release|Any CPU.ActiveCfg = Release|Any CPU
		{EDEB8857-04F3-47DE-8599-037E48B64244}.Release|Any CPU.Build.0 = Release|Any CPU
		{F38F3914-96C5-44B6-8F69-82C1009E11BF}.Debug|Any CPU.ActiveCfg = Debug|Any CPU
		{F38F3914-96C5-44B6-8F69-82C1009E11BF}.Debug|Any CPU.Build.0 = Debug|Any CPU
		{F38F3914-96C5-44B6-8F69-82C1009E11BF}.Release|Any CPU.ActiveCfg = Release|Any CPU
		{F38F3914-96C5-44B6-8F69-82C1009E11BF}.Release|Any CPU.Build.0 = Release|Any CPU
		{C995ED10-2A90-47D5-B802-C1B7DEECF7D8}.Debug|Any CPU.ActiveCfg = Debug|Any CPU
		{C995ED10-2A90-47D5-B802-C1B7DEECF7D8}.Debug|Any CPU.Build.0 = Debug|Any CPU
		{C995ED10-2A90-47D5-B802-C1B7DEECF7D8}.Release|Any CPU.ActiveCfg = Release|Any CPU
		{C995ED10-2A90-47D5-B802-C1B7DEECF7D8}.Release|Any CPU.Build.0 = Release|Any CPU
		{6D334EB7-4F99-481A-90D8-B58ADA1F8C9A}.Debug|Any CPU.ActiveCfg = Debug|Any CPU
		{6D334EB7-4F99-481A-90D8-B58ADA1F8C9A}.Debug|Any CPU.Build.0 = Debug|Any CPU
		{6D334EB7-4F99-481A-90D8-B58ADA1F8C9A}.Release|Any CPU.ActiveCfg = Release|Any CPU
		{6D334EB7-4F99-481A-90D8-B58ADA1F8C9A}.Release|Any CPU.Build.0 = Release|Any CPU
	EndGlobalSection
	GlobalSection(SolutionProperties) = preSolution
		HideSolutionNode = FALSE
	EndGlobalSection
	GlobalSection(ExtensibilityGlobals) = postSolution
		SolutionGuid = {56F4ED92-FA19-4054-ADC8-EFC5E00AEDE0}
	EndGlobalSection
EndGlobal
