
Microsoft Visual Studio Solution File, Format Version 12.00
# Visual Studio Version 17
VisualStudioVersion = 17.1.32228.430
MinimumVisualStudioVersion = 10.0.40219.1
Project("{FAE04EC0-301F-11D3-BF4B-00C04F79EFBC}") = "Flicks", "Flicks\Flicks.csproj", "{F34F4FD7-DA1B-4C58-807C-9850249C462B}"
EndProject
Global
	GlobalSection(SolutionConfigurationPlatforms) = preSolution
		Debug|Any CPU = Debug|Any CPU
		Release|Any CPU = Release|Any CPU
	EndGlobalSection
	GlobalSection(ProjectConfigurationPlatforms) = postSolution
		{F34F4FD7-DA1B-4C58-807C-9850249C462B}.Debug|Any CPU.ActiveCfg = Debug|Any CPU
		{F34F4FD7-DA1B-4C58-807C-9850249C462B}.Debug|Any CPU.Build.0 = Debug|Any CPU
		{F34F4FD7-DA1B-4C58-807C-9850249C462B}.Release|Any CPU.ActiveCfg = Release|Any CPU
		{F34F4FD7-DA1B-4C58-807C-9850249C462B}.Release|Any CPU.Build.0 = Release|Any CPU
	EndGlobalSection
	GlobalSection(SolutionProperties) = preSolution
		HideSolutionNode = FALSE
	EndGlobalSection
	GlobalSection(ExtensibilityGlobals) = postSolution
		SolutionGuid = {56F4ED92-FA19-4054-ADC8-EFC5E00AEDE0}
	EndGlobalSection
EndGlobal
