
Microsoft Visual Studio Solution File, Format Version 12.00
# Visual Studio Version 16
VisualStudioVersion = 16.0.30711.63
MinimumVisualStudioVersion = 10.0.40219.1
Project("{FAE04EC0-301F-11D3-BF4B-00C04F79EFBC}") = "ConsoleUI_Flicks", "ConsoleUI_Flicks\ConsoleUI_Flicks.csproj", "{C0D2C91E-4C80-4693-B839-4C938117C774}"
EndProject
Project("{FAE04EC0-301F-11D3-BF4B-00C04F79EFBC}") = "ExceptionLib", "ExceptionLib\ExceptionLib.csproj", "{20560E24-19EC-4A47-BC46-10C3BFBDCEC3}"
EndProject
Project("{FAE04EC0-301F-11D3-BF4B-00C04F79EFBC}") = "EntityLayerLib", "EntityLayerLib\EntityLayerLib.csproj", "{8F8935AD-97E9-4AA2-B187-0E877699D005}"
EndProject
Project("{FAE04EC0-301F-11D3-BF4B-00C04F79EFBC}") = "DataAccessLayerLib", "DataAccessLayerLib\DataAccessLayerLib.csproj", "{90C9552B-67A1-4C08-9FED-35C8D484CE07}"
EndProject
Project("{FAE04EC0-301F-11D3-BF4B-00C04F79EFBC}") = "BusinessLayerLib", "BusinessLayerLib\BusinessLayerLib.csproj", "{89B36582-F22B-4070-84EB-9C62805EE4AE}"
EndProject
Global
	GlobalSection(SolutionConfigurationPlatforms) = preSolution
		Debug|Any CPU = Debug|Any CPU
		Release|Any CPU = Release|Any CPU
	EndGlobalSection
	GlobalSection(ProjectConfigurationPlatforms) = postSolution
		{C0D2C91E-4C80-4693-B839-4C938117C774}.Debug|Any CPU.ActiveCfg = Debug|Any CPU
		{C0D2C91E-4C80-4693-B839-4C938117C774}.Debug|Any CPU.Build.0 = Debug|Any CPU
		{C0D2C91E-4C80-4693-B839-4C938117C774}.Release|Any CPU.ActiveCfg = Release|Any CPU
		{C0D2C91E-4C80-4693-B839-4C938117C774}.Release|Any CPU.Build.0 = Release|Any CPU
		{20560E24-19EC-4A47-BC46-10C3BFBDCEC3}.Debug|Any CPU.ActiveCfg = Debug|Any CPU
		{20560E24-19EC-4A47-BC46-10C3BFBDCEC3}.Debug|Any CPU.Build.0 = Debug|Any CPU
		{20560E24-19EC-4A47-BC46-10C3BFBDCEC3}.Release|Any CPU.ActiveCfg = Release|Any CPU
		{20560E24-19EC-4A47-BC46-10C3BFBDCEC3}.Release|Any CPU.Build.0 = Release|Any CPU
		{8F8935AD-97E9-4AA2-B187-0E877699D005}.Debug|Any CPU.ActiveCfg = Debug|Any CPU
		{8F8935AD-97E9-4AA2-B187-0E877699D005}.Debug|Any CPU.Build.0 = Debug|Any CPU
		{8F8935AD-97E9-4AA2-B187-0E877699D005}.Release|Any CPU.ActiveCfg = Release|Any CPU
		{8F8935AD-97E9-4AA2-B187-0E877699D005}.Release|Any CPU.Build.0 = Release|Any CPU
		{90C9552B-67A1-4C08-9FED-35C8D484CE07}.Debug|Any CPU.ActiveCfg = Debug|Any CPU
		{90C9552B-67A1-4C08-9FED-35C8D484CE07}.Debug|Any CPU.Build.0 = Debug|Any CPU
		{90C9552B-67A1-4C08-9FED-35C8D484CE07}.Release|Any CPU.ActiveCfg = Release|Any CPU
		{90C9552B-67A1-4C08-9FED-35C8D484CE07}.Release|Any CPU.Build.0 = Release|Any CPU
		{89B36582-F22B-4070-84EB-9C62805EE4AE}.Debug|Any CPU.ActiveCfg = Debug|Any CPU
		{89B36582-F22B-4070-84EB-9C62805EE4AE}.Debug|Any CPU.Build.0 = Debug|Any CPU
		{89B36582-F22B-4070-84EB-9C62805EE4AE}.Release|Any CPU.ActiveCfg = Release|Any CPU
		{89B36582-F22B-4070-84EB-9C62805EE4AE}.Release|Any CPU.Build.0 = Release|Any CPU
	EndGlobalSection
	GlobalSection(SolutionProperties) = preSolution
		HideSolutionNode = FALSE
	EndGlobalSection
	GlobalSection(ExtensibilityGlobals) = postSolution
		SolutionGuid = {82D3E046-9D55-4B0C-9D6C-DA060EABF5F8}
	EndGlobalSection
EndGlobal
